
Microsoft Visual Studio Solution File, Format Version 12.00
# Visual Studio Version 17
VisualStudioVersion = 17.5.33627.172
MinimumVisualStudioVersion = 10.0.40219.1
Project("{9A19103F-16F7-4668-BE54-9A1E7A4F7556}") = "demo-contact", "demo-contact\demo-contact.csproj", "{F83F07DB-9E46-4DF9-A75B-E94F928C1A12}"
EndProject
Project("{9A19103F-16F7-4668-BE54-9A1E7A4F7556}") = "ApiHelper", "ApiHelper\ApiHelper.csproj", "{8121B1CC-8F63-4980-AB0F-882A59280D94}"
EndProject
Project("{FAE04EC0-301F-11D3-BF4B-00C04F79EFBC}") = "demo-pizzeria", "demo-pizzeria\demo-pizzeria.csproj", "{F9EB8C2C-6EC7-4CEC-866B-AADFED83F7A1}"
EndProject
Global
	GlobalSection(SolutionConfigurationPlatforms) = preSolution
		Debug|Any CPU = Debug|Any CPU
		Release|Any CPU = Release|Any CPU
	EndGlobalSection
	GlobalSection(ProjectConfigurationPlatforms) = postSolution
		{F83F07DB-9E46-4DF9-A75B-E94F928C1A12}.Debug|Any CPU.ActiveCfg = Debug|Any CPU
		{F83F07DB-9E46-4DF9-A75B-E94F928C1A12}.Debug|Any CPU.Build.0 = Debug|Any CPU
		{F83F07DB-9E46-4DF9-A75B-E94F928C1A12}.Release|Any CPU.ActiveCfg = Release|Any CPU
		{F83F07DB-9E46-4DF9-A75B-E94F928C1A12}.Release|Any CPU.Build.0 = Release|Any CPU
		{8121B1CC-8F63-4980-AB0F-882A59280D94}.Debug|Any CPU.ActiveCfg = Debug|Any CPU
		{8121B1CC-8F63-4980-AB0F-882A59280D94}.Debug|Any CPU.Build.0 = Debug|Any CPU
		{8121B1CC-8F63-4980-AB0F-882A59280D94}.Release|Any CPU.ActiveCfg = Release|Any CPU
		{8121B1CC-8F63-4980-AB0F-882A59280D94}.Release|Any CPU.Build.0 = Release|Any CPU
		{F9EB8C2C-6EC7-4CEC-866B-AADFED83F7A1}.Debug|Any CPU.ActiveCfg = Debug|Any CPU
		{F9EB8C2C-6EC7-4CEC-866B-AADFED83F7A1}.Debug|Any CPU.Build.0 = Debug|Any CPU
		{F9EB8C2C-6EC7-4CEC-866B-AADFED83F7A1}.Release|Any CPU.ActiveCfg = Release|Any CPU
		{F9EB8C2C-6EC7-4CEC-866B-AADFED83F7A1}.Release|Any CPU.Build.0 = Release|Any CPU
	EndGlobalSection
	GlobalSection(SolutionProperties) = preSolution
		HideSolutionNode = FALSE
	EndGlobalSection
	GlobalSection(ExtensibilityGlobals) = postSolution
		SolutionGuid = {9B3B07A2-38C7-49F4-953C-0B5A73BB3856}
	EndGlobalSection
EndGlobal
