
Microsoft Visual Studio Solution File, Format Version 12.00
# Visual Studio Version 17
VisualStudioVersion = 17.5.33627.172
MinimumVisualStudioVersion = 10.0.40219.1
Project("{9A19103F-16F7-4668-BE54-9A1E7A4F7556}") = "EFCore", "EFCore\EFCore.csproj", "{DA363D4F-D43E-4554-808D-D04C67F602D1}"
EndProject
Project("{9A19103F-16F7-4668-BE54-9A1E7A4F7556}") = "DemoAnnuaire", "DemoAnnuaire\DemoAnnuaire.csproj", "{13F83A5A-334A-48E6-B5EE-FD35D82A1A4B}"
EndProject
Project("{9A19103F-16F7-4668-BE54-9A1E7A4F7556}") = "Helper", "Menu\Helper.csproj", "{9124903C-92A8-4645-8AA3-734C2ECD10E1}"
EndProject
Project("{9A19103F-16F7-4668-BE54-9A1E7A4F7556}") = "DemoHotel", "DemoHotel\DemoHotel.csproj", "{7E2017A5-70CC-40D4-A622-4B09EDDEBB38}"
EndProject
Project("{FAE04EC0-301F-11D3-BF4B-00C04F79EFBC}") = "EFHelper", "EFHelper\EFHelper.csproj", "{9C96AC71-A829-4BAA-8A22-930710CF0BF3}"
EndProject
Global
	GlobalSection(SolutionConfigurationPlatforms) = preSolution
		Debug|Any CPU = Debug|Any CPU
		Release|Any CPU = Release|Any CPU
	EndGlobalSection
	GlobalSection(ProjectConfigurationPlatforms) = postSolution
		{DA363D4F-D43E-4554-808D-D04C67F602D1}.Debug|Any CPU.ActiveCfg = Debug|Any CPU
		{DA363D4F-D43E-4554-808D-D04C67F602D1}.Debug|Any CPU.Build.0 = Debug|Any CPU
		{DA363D4F-D43E-4554-808D-D04C67F602D1}.Release|Any CPU.ActiveCfg = Release|Any CPU
		{DA363D4F-D43E-4554-808D-D04C67F602D1}.Release|Any CPU.Build.0 = Release|Any CPU
		{13F83A5A-334A-48E6-B5EE-FD35D82A1A4B}.Debug|Any CPU.ActiveCfg = Debug|Any CPU
		{13F83A5A-334A-48E6-B5EE-FD35D82A1A4B}.Debug|Any CPU.Build.0 = Debug|Any CPU
		{13F83A5A-334A-48E6-B5EE-FD35D82A1A4B}.Release|Any CPU.ActiveCfg = Release|Any CPU
		{13F83A5A-334A-48E6-B5EE-FD35D82A1A4B}.Release|Any CPU.Build.0 = Release|Any CPU
		{9124903C-92A8-4645-8AA3-734C2ECD10E1}.Debug|Any CPU.ActiveCfg = Debug|Any CPU
		{9124903C-92A8-4645-8AA3-734C2ECD10E1}.Debug|Any CPU.Build.0 = Debug|Any CPU
		{9124903C-92A8-4645-8AA3-734C2ECD10E1}.Release|Any CPU.ActiveCfg = Release|Any CPU
		{9124903C-92A8-4645-8AA3-734C2ECD10E1}.Release|Any CPU.Build.0 = Release|Any CPU
		{7E2017A5-70CC-40D4-A622-4B09EDDEBB38}.Debug|Any CPU.ActiveCfg = Debug|Any CPU
		{7E2017A5-70CC-40D4-A622-4B09EDDEBB38}.Debug|Any CPU.Build.0 = Debug|Any CPU
		{7E2017A5-70CC-40D4-A622-4B09EDDEBB38}.Release|Any CPU.ActiveCfg = Release|Any CPU
		{7E2017A5-70CC-40D4-A622-4B09EDDEBB38}.Release|Any CPU.Build.0 = Release|Any CPU
		{9C96AC71-A829-4BAA-8A22-930710CF0BF3}.Debug|Any CPU.ActiveCfg = Debug|Any CPU
		{9C96AC71-A829-4BAA-8A22-930710CF0BF3}.Debug|Any CPU.Build.0 = Debug|Any CPU
		{9C96AC71-A829-4BAA-8A22-930710CF0BF3}.Release|Any CPU.ActiveCfg = Release|Any CPU
		{9C96AC71-A829-4BAA-8A22-930710CF0BF3}.Release|Any CPU.Build.0 = Release|Any CPU
	EndGlobalSection
	GlobalSection(SolutionProperties) = preSolution
		HideSolutionNode = FALSE
	EndGlobalSection
	GlobalSection(ExtensibilityGlobals) = postSolution
		SolutionGuid = {6FFE1F70-8B11-4985-9159-1B20BA694DAC}
	EndGlobalSection
EndGlobal
