
Microsoft Visual Studio Solution File, Format Version 12.00
# Visual Studio Version 17
VisualStudioVersion = 17.5.33502.453
MinimumVisualStudioVersion = 10.0.40219.1
Project("{9A19103F-16F7-4668-BE54-9A1E7A4F7556}") = "Chaise", "Chaise\Chaise.csproj", "{547BE456-8BC9-4AD0-86BC-F4F6FB6E0F86}"
EndProject
Project("{9A19103F-16F7-4668-BE54-9A1E7A4F7556}") = "Salarie", "Salarie\Salarie.csproj", "{BBC513F7-8FD8-4850-8F12-F943B155D340}"
EndProject
Project("{9A19103F-16F7-4668-BE54-9A1E7A4F7556}") = "Hostel", "Hotel\Hostel.csproj", "{AEEE2FC6-D02C-466A-B65B-01141F0A7549}"
EndProject
Project("{9A19103F-16F7-4668-BE54-9A1E7A4F7556}") = "Pendu", "Pendu\Pendu.csproj", "{6A99EBDB-8762-4ADD-864F-D35C5252B8DA}"
EndProject
Project("{9A19103F-16F7-4668-BE54-9A1E7A4F7556}") = "CompteBancaire", "CompteBancaire\CompteBancaire.csproj", "{4E0873E2-1358-427E-870F-135C959FC8A8}"
EndProject
Project("{9A19103F-16F7-4668-BE54-9A1E7A4F7556}") = "Citerne", "Citerne\Citerne.csproj", "{A6B532A2-75E2-481F-9602-2BDC384F5EC5}"
EndProject
Project("{9A19103F-16F7-4668-BE54-9A1E7A4F7556}") = "Employee", "Employee\Employee.csproj", "{EA339AC3-B09F-4AB4-8C45-4795FB866CB9}"
EndProject
Project("{9A19103F-16F7-4668-BE54-9A1E7A4F7556}") = "LaPile", "LaPile\LaPile.csproj", "{43B9D83B-926D-457A-B915-E605C842B3F6}"
EndProject
Project("{9A19103F-16F7-4668-BE54-9A1E7A4F7556}") = "Menu", "Menu\Menu.csproj", "{EFAF6D98-C56D-417F-BE7A-AF04C2E82366}"
EndProject
Project("{9A19103F-16F7-4668-BE54-9A1E7A4F7556}") = "Figures", "Figures\Figures.csproj", "{32DF2134-A1CE-4BF3-83DD-36B78CAA58C4}"
EndProject
Project("{9A19103F-16F7-4668-BE54-9A1E7A4F7556}") = "DemoException", "DemoException\DemoException.csproj", "{77F854C5-F937-4206-8491-0048C4100656}"
EndProject
Project("{FAE04EC0-301F-11D3-BF4B-00C04F79EFBC}") = "DemoAdo", "DemoAdo\DemoAdo.csproj", "{B9057141-E1BC-471F-9E7B-7B538CB8F7C8}"
EndProject
Project("{FAE04EC0-301F-11D3-BF4B-00C04F79EFBC}") = "Helper", "Helper\Helper.csproj", "{CA47C6EB-635D-45D3-95FB-E598584B6270}"
EndProject
Global
	GlobalSection(SolutionConfigurationPlatforms) = preSolution
		Debug|Any CPU = Debug|Any CPU
		Release|Any CPU = Release|Any CPU
	EndGlobalSection
	GlobalSection(ProjectConfigurationPlatforms) = postSolution
		{547BE456-8BC9-4AD0-86BC-F4F6FB6E0F86}.Debug|Any CPU.ActiveCfg = Debug|Any CPU
		{547BE456-8BC9-4AD0-86BC-F4F6FB6E0F86}.Debug|Any CPU.Build.0 = Debug|Any CPU
		{547BE456-8BC9-4AD0-86BC-F4F6FB6E0F86}.Release|Any CPU.ActiveCfg = Release|Any CPU
		{547BE456-8BC9-4AD0-86BC-F4F6FB6E0F86}.Release|Any CPU.Build.0 = Release|Any CPU
		{BBC513F7-8FD8-4850-8F12-F943B155D340}.Debug|Any CPU.ActiveCfg = Debug|Any CPU
		{BBC513F7-8FD8-4850-8F12-F943B155D340}.Debug|Any CPU.Build.0 = Debug|Any CPU
		{BBC513F7-8FD8-4850-8F12-F943B155D340}.Release|Any CPU.ActiveCfg = Release|Any CPU
		{BBC513F7-8FD8-4850-8F12-F943B155D340}.Release|Any CPU.Build.0 = Release|Any CPU
		{AEEE2FC6-D02C-466A-B65B-01141F0A7549}.Debug|Any CPU.ActiveCfg = Debug|Any CPU
		{AEEE2FC6-D02C-466A-B65B-01141F0A7549}.Debug|Any CPU.Build.0 = Debug|Any CPU
		{AEEE2FC6-D02C-466A-B65B-01141F0A7549}.Release|Any CPU.ActiveCfg = Release|Any CPU
		{AEEE2FC6-D02C-466A-B65B-01141F0A7549}.Release|Any CPU.Build.0 = Release|Any CPU
		{6A99EBDB-8762-4ADD-864F-D35C5252B8DA}.Debug|Any CPU.ActiveCfg = Debug|Any CPU
		{6A99EBDB-8762-4ADD-864F-D35C5252B8DA}.Debug|Any CPU.Build.0 = Debug|Any CPU
		{6A99EBDB-8762-4ADD-864F-D35C5252B8DA}.Release|Any CPU.ActiveCfg = Release|Any CPU
		{6A99EBDB-8762-4ADD-864F-D35C5252B8DA}.Release|Any CPU.Build.0 = Release|Any CPU
		{4E0873E2-1358-427E-870F-135C959FC8A8}.Debug|Any CPU.ActiveCfg = Debug|Any CPU
		{4E0873E2-1358-427E-870F-135C959FC8A8}.Debug|Any CPU.Build.0 = Debug|Any CPU
		{4E0873E2-1358-427E-870F-135C959FC8A8}.Release|Any CPU.ActiveCfg = Release|Any CPU
		{4E0873E2-1358-427E-870F-135C959FC8A8}.Release|Any CPU.Build.0 = Release|Any CPU
		{A6B532A2-75E2-481F-9602-2BDC384F5EC5}.Debug|Any CPU.ActiveCfg = Debug|Any CPU
		{A6B532A2-75E2-481F-9602-2BDC384F5EC5}.Debug|Any CPU.Build.0 = Debug|Any CPU
		{A6B532A2-75E2-481F-9602-2BDC384F5EC5}.Release|Any CPU.ActiveCfg = Release|Any CPU
		{A6B532A2-75E2-481F-9602-2BDC384F5EC5}.Release|Any CPU.Build.0 = Release|Any CPU
		{EA339AC3-B09F-4AB4-8C45-4795FB866CB9}.Debug|Any CPU.ActiveCfg = Debug|Any CPU
		{EA339AC3-B09F-4AB4-8C45-4795FB866CB9}.Debug|Any CPU.Build.0 = Debug|Any CPU
		{EA339AC3-B09F-4AB4-8C45-4795FB866CB9}.Release|Any CPU.ActiveCfg = Release|Any CPU
		{EA339AC3-B09F-4AB4-8C45-4795FB866CB9}.Release|Any CPU.Build.0 = Release|Any CPU
		{43B9D83B-926D-457A-B915-E605C842B3F6}.Debug|Any CPU.ActiveCfg = Debug|Any CPU
		{43B9D83B-926D-457A-B915-E605C842B3F6}.Debug|Any CPU.Build.0 = Debug|Any CPU
		{43B9D83B-926D-457A-B915-E605C842B3F6}.Release|Any CPU.ActiveCfg = Release|Any CPU
		{43B9D83B-926D-457A-B915-E605C842B3F6}.Release|Any CPU.Build.0 = Release|Any CPU
		{EFAF6D98-C56D-417F-BE7A-AF04C2E82366}.Debug|Any CPU.ActiveCfg = Debug|Any CPU
		{EFAF6D98-C56D-417F-BE7A-AF04C2E82366}.Debug|Any CPU.Build.0 = Debug|Any CPU
		{EFAF6D98-C56D-417F-BE7A-AF04C2E82366}.Release|Any CPU.ActiveCfg = Release|Any CPU
		{EFAF6D98-C56D-417F-BE7A-AF04C2E82366}.Release|Any CPU.Build.0 = Release|Any CPU
		{32DF2134-A1CE-4BF3-83DD-36B78CAA58C4}.Debug|Any CPU.ActiveCfg = Debug|Any CPU
		{32DF2134-A1CE-4BF3-83DD-36B78CAA58C4}.Debug|Any CPU.Build.0 = Debug|Any CPU
		{32DF2134-A1CE-4BF3-83DD-36B78CAA58C4}.Release|Any CPU.ActiveCfg = Release|Any CPU
		{32DF2134-A1CE-4BF3-83DD-36B78CAA58C4}.Release|Any CPU.Build.0 = Release|Any CPU
		{77F854C5-F937-4206-8491-0048C4100656}.Debug|Any CPU.ActiveCfg = Debug|Any CPU
		{77F854C5-F937-4206-8491-0048C4100656}.Debug|Any CPU.Build.0 = Debug|Any CPU
		{77F854C5-F937-4206-8491-0048C4100656}.Release|Any CPU.ActiveCfg = Release|Any CPU
		{77F854C5-F937-4206-8491-0048C4100656}.Release|Any CPU.Build.0 = Release|Any CPU
		{B9057141-E1BC-471F-9E7B-7B538CB8F7C8}.Debug|Any CPU.ActiveCfg = Debug|Any CPU
		{B9057141-E1BC-471F-9E7B-7B538CB8F7C8}.Debug|Any CPU.Build.0 = Debug|Any CPU
		{B9057141-E1BC-471F-9E7B-7B538CB8F7C8}.Release|Any CPU.ActiveCfg = Release|Any CPU
		{B9057141-E1BC-471F-9E7B-7B538CB8F7C8}.Release|Any CPU.Build.0 = Release|Any CPU
		{CA47C6EB-635D-45D3-95FB-E598584B6270}.Debug|Any CPU.ActiveCfg = Debug|Any CPU
		{CA47C6EB-635D-45D3-95FB-E598584B6270}.Debug|Any CPU.Build.0 = Debug|Any CPU
		{CA47C6EB-635D-45D3-95FB-E598584B6270}.Release|Any CPU.ActiveCfg = Release|Any CPU
		{CA47C6EB-635D-45D3-95FB-E598584B6270}.Release|Any CPU.Build.0 = Release|Any CPU
	EndGlobalSection
	GlobalSection(SolutionProperties) = preSolution
		HideSolutionNode = FALSE
	EndGlobalSection
	GlobalSection(ExtensibilityGlobals) = postSolution
		SolutionGuid = {4CAD6918-D773-4D33-BA56-92EF4A487C39}
	EndGlobalSection
EndGlobal
